
Microsoft Visual Studio Solution File, Format Version 12.00
# Visual Studio Version 17
VisualStudioVersion = 17.7.34221.43
MinimumVisualStudioVersion = 10.0.40219.1
Project("{FAE04EC0-301F-11D3-BF4B-00C04F79EFBC}") = "ShapeAreaLib", "ShapeAreaLib\ShapeAreaLib.csproj", "{F3EABEAA-8AAE-48ED-8850-87044C131745}"
EndProject
Global
	GlobalSection(SolutionConfigurationPlatforms) = preSolution
		Debug|Any CPU = Debug|Any CPU
		Release|Any CPU = Release|Any CPU
	EndGlobalSection
	GlobalSection(ProjectConfigurationPlatforms) = postSolution
		{F3EABEAA-8AAE-48ED-8850-87044C131745}.Debug|Any CPU.ActiveCfg = Debug|Any CPU
		{F3EABEAA-8AAE-48ED-8850-87044C131745}.Debug|Any CPU.Build.0 = Debug|Any CPU
		{F3EABEAA-8AAE-48ED-8850-87044C131745}.Release|Any CPU.ActiveCfg = Release|Any CPU
		{F3EABEAA-8AAE-48ED-8850-87044C131745}.Release|Any CPU.Build.0 = Release|Any CPU
	EndGlobalSection
	GlobalSection(SolutionProperties) = preSolution
		HideSolutionNode = FALSE
	EndGlobalSection
	GlobalSection(ExtensibilityGlobals) = postSolution
		SolutionGuid = {DD87EBB7-AC72-4D59-BA6D-DC805746073E}
	EndGlobalSection
EndGlobal
